// !$*UTF8*$!
{
	archiveVersion = 1;
	classes = {
	};
	objectVersion = 46;
	objects = {

/* Begin PBXBuildFile section */
		411E11771C328C670076FC12 /* main.m in Sources */ = {isa = PBXBuildFile; fileRef = 411E11761C328C670076FC12 /* main.m */; };
		411E117A1C328C670076FC12 /* AppDelegate.m in Sources */ = {isa = PBXBuildFile; fileRef = 411E11791C328C670076FC12 /* AppDelegate.m */; };
		411E117D1C328C670076FC12 /* ViewController.m in Sources */ = {isa = PBXBuildFile; fileRef = 411E117C1C328C670076FC12 /* ViewController.m */; };
		411E11801C328C670076FC12 /* Main.storyboard in Resources */ = {isa = PBXBuildFile; fileRef = 411E117E1C328C670076FC12 /* Main.storyboard */; };
		411E11821C328C670076FC12 /* Images.xcassets in Resources */ = {isa = PBXBuildFile; fileRef = 411E11811C328C670076FC12 /* Images.xcassets */; };
		411E11851C328C670076FC12 /* LaunchScreen.xib in Resources */ = {isa = PBXBuildFile; fileRef = 411E11831C328C670076FC12 /* LaunchScreen.xib */; };
		411E11911C328C680076FC12 /* ButtonClickTests.m in Sources */ = {isa = PBXBuildFile; fileRef = 411E11901C328C680076FC12 /* ButtonClickTests.m */; };
/* End PBXBuildFile section */

/* Begin PBXContainerItemProxy section */
		411E118B1C328C680076FC12 /* PBXContainerItemProxy */ = {
			isa = PBXContainerItemProxy;
			containerPortal = 411E11691C328C670076FC12 /* Project object */;
			proxyType = 1;
			remoteGlobalIDString = 411E11701C328C670076FC12;
			remoteInfo = ButtonClick;
		};
/* End PBXContainerItemProxy section */

/* Begin PBXFileReference section */
		411E11711C328C670076FC12 /* ButtonClick.app */ = {isa = PBXFileReference; explicitFileType = wrapper.application; includeInIndex = 0; path = ButtonClick.app; sourceTree = BUILT_PRODUCTS_DIR; };
		411E11751C328C670076FC12 /* Info.plist */ = {isa = PBXFileReference; lastKnownFileType = text.plist.xml; path = Info.plist; sourceTree = "<group>"; };
		411E11761C328C670076FC12 /* main.m */ = {isa = PBXFileReference; lastKnownFileType = sourcecode.c.objc; path = main.m; sourceTree = "<group>"; };
		411E11781C328C670076FC12 /* AppDelegate.h */ = {isa = PBXFileReference; lastKnownFileType = sourcecode.c.h; path = AppDelegate.h; sourceTree = "<group>"; };
		411E11791C328C670076FC12 /* AppDelegate.m */ = {isa = PBXFileReference; lastKnownFileType = sourcecode.c.objc; path = AppDelegate.m; sourceTree = "<group>"; };
		411E117B1C328C670076FC12 /* ViewController.h */ = {isa = PBXFileReference; lastKnownFileType = sourcecode.c.h; path = ViewController.h; sourceTree = "<group>"; };
		411E117C1C328C670076FC12 /* ViewController.m */ = {isa = PBXFileReference; lastKnownFileType = sourcecode.c.objc; path = ViewController.m; sourceTree = "<group>"; };
		411E117F1C328C670076FC12 /* Base */ = {isa = PBXFileReference; lastKnownFileType = file.storyboard; name = Base; path = Base.lproj/Main.storyboard; sourceTree = "<group>"; };
		411E11811C328C670076FC12 /* Images.xcassets */ = {isa = PBXFileReference; lastKnownFileType = folder.assetcatalog; path = Images.xcassets; sourceTree = "<group>"; };
		411E11841C328C670076FC12 /* Base */ = {isa = PBXFileReference; lastKnownFileType = file.xib; name = Base; path = Base.lproj/LaunchScreen.xib; sourceTree = "<group>"; };
		411E118A1C328C680076FC12 /* ButtonClickTests.xctest */ = {isa = PBXFileReference; explicitFileType = wrapper.cfbundle; includeInIndex = 0; path = ButtonClickTests.xctest; sourceTree = BUILT_PRODUCTS_DIR; };
		411E118F1C328C680076FC12 /* Info.plist */ = {isa = PBXFileReference; lastKnownFileType = text.plist.xml; path = Info.plist; sourceTree = "<group>"; };
		411E11901C328C680076FC12 /* ButtonClickTests.m */ = {isa = PBXFileReference; lastKnownFileType = sourcecode.c.objc; path = ButtonClickTests.m; sourceTree = "<group>"; };
/* End PBXFileReference section */

/* Begin PBXFrameworksBuildPhase section */
		411E116E1C328C670076FC12 /* Frameworks */ = {
			isa = PBXFrameworksBuildPhase;
			buildActionMask = 2147483647;
			files = (
			);
			runOnlyForDeploymentPostprocessing = 0;
		};
		411E11871C328C680076FC12 /* Frameworks */ = {
			isa = PBXFrameworksBuildPhase;
			buildActionMask = 2147483647;
			files = (
			);
			runOnlyForDeploymentPostprocessing = 0;
		};
/* End PBXFrameworksBuildPhase section */

/* Begin PBXGroup section */
		411E11681C328C670076FC12 = {
			isa = PBXGroup;
			children = (
				411E11731C328C670076FC12 /* ButtonClick */,
				411E118D1C328C680076FC12 /* ButtonClickTests */,
				411E11721C328C670076FC12 /* Products */,
			);
			sourceTree = "<group>";
		};
		411E11721C328C670076FC12 /* Products */ = {
			isa = PBXGroup;
			children = (
				411E11711C328C670076FC12 /* ButtonClick.app */,
				411E118A1C328C680076FC12 /* ButtonClickTests.xctest */,
			);
			name = Products;
			sourceTree = "<group>";
		};
		411E11731C328C670076FC12 /* ButtonClick */ = {
			isa = PBXGroup;
			children = (
				411E11781C328C670076FC12 /* AppDelegate.h */,
				411E11791C328C670076FC12 /* AppDelegate.m */,
				411E117B1C328C670076FC12 /* ViewController.h */,
				411E117C1C328C670076FC12 /* ViewController.m */,
				411E117E1C328C670076FC12 /* Main.storyboard */,
				411E11811C328C670076FC12 /* Images.xcassets */,
				411E11831C328C670076FC12 /* LaunchScreen.xib */,
				411E11741C328C670076FC12 /* Supporting Files */,
			);
			path = ButtonClick;
			sourceTree = "<group>";
		};
		411E11741C328C670076FC12 /* Supporting Files */ = {
			isa = PBXGroup;
			children = (
				411E11751C328C670076FC12 /* Info.plist */,
				411E11761C328C670076FC12 /* main.m */,
			);
			name = "Supporting Files";
			sourceTree = "<group>";
		};
		411E118D1C328C680076FC12 /* ButtonClickTests */ = {
			isa = PBXGroup;
			children = (
				411E11901C328C680076FC12 /* ButtonClickTests.m */,
				411E118E1C328C680076FC12 /* Supporting Files */,
			);
			path = ButtonClickTests;
			sourceTree = "<group>";
		};
		411E118E1C328C680076FC12 /* Supporting Files */ = {
			isa = PBXGroup;
			children = (
				411E118F1C328C680076FC12 /* Info.plist */,
			);
			name = "Supporting Files";
			sourceTree = "<group>";
		};
/* End PBXGroup section */

/* Begin PBXNativeTarget section */
		411E11701C328C670076FC12 /* ButtonClick */ = {
			isa = PBXNativeTarget;
			buildConfigurationList = 411E11941C328C680076FC12 /* Build configuration list for PBXNativeTarget "ButtonClick" */;
			buildPhases = (
				411E116D1C328C670076FC12 /* Sources */,
				411E116E1C328C670076FC12 /* Frameworks */,
				411E116F1C328C670076FC12 /* Resources */,
			);
			buildRules = (
			);
			dependencies = (
			);
			name = ButtonClick;
			productName = ButtonClick;
			productReference = 411E11711C328C670076FC12 /* ButtonClick.app */;
			productType = "com.apple.product-type.application";
		};
		411E11891C328C680076FC12 /* ButtonClickTests */ = {
			isa = PBXNativeTarget;
			buildConfigurationList = 411E11971C328C680076FC12 /* Build configuration list for PBXNativeTarget "ButtonClickTests" */;
			buildPhases = (
				411E11861C328C680076FC12 /* Sources */,
				411E11871C328C680076FC12 /* Frameworks */,
				411E11881C328C680076FC12 /* Resources */,
			);
			buildRules = (
			);
			dependencies = (
				411E118C1C328C680076FC12 /* PBXTargetDependency */,
			);
			name = ButtonClickTests;
			productName = ButtonClickTests;
			productReference = 411E118A1C328C680076FC12 /* ButtonClickTests.xctest */;
			productType = "com.apple.product-type.bundle.unit-test";
		};
/* End PBXNativeTarget section */

/* Begin PBXProject section */
		411E11691C328C670076FC12 /* Project object */ = {
			isa = PBXProject;
			attributes = {
				LastUpgradeCheck = 0600;
				ORGANIZATIONNAME = Andres;
				TargetAttributes = {
					411E11701C328C670076FC12 = {
						CreatedOnToolsVersion = 6.0.1;
					};
					411E11891C328C680076FC12 = {
						CreatedOnToolsVersion = 6.0.1;
						TestTargetID = 411E11701C328C670076FC12;
					};
				};
			};
			buildConfigurationList = 411E116C1C328C670076FC12 /* Build configuration list for PBXProject "ButtonClick" */;
			compatibilityVersion = "Xcode 3.2";
			developmentRegion = English;
			hasScannedForEncodings = 0;
			knownRegions = (
				en,
				Base,
			);
			mainGroup = 411E11681C328C670076FC12;
			productRefGroup = 411E11721C328C670076FC12 /* Products */;
			projectDirPath = "";
			projectRoot = "";
			targets = (
				411E11701C328C670076FC12 /* ButtonClick */,
				411E11891C328C680076FC12 /* ButtonClickTests */,
			);
		};
/* End PBXProject section */

/* Begin PBXResourcesBuildPhase section */
		411E116F1C328C670076FC12 /* Resources */ = {
			isa = PBXResourcesBuildPhase;
			buildActionMask = 2147483647;
			files = (
				411E11801C328C670076FC12 /* Main.storyboard in Resources */,
				411E11851C328C670076FC12 /* LaunchScreen.xib in Resources */,
				411E11821C328C670076FC12 /* Images.xcassets in Resources */,
			);
			runOnlyForDeploymentPostprocessing = 0;
		};
		411E11881C328C680076FC12 /* Resources */ = {
			isa = PBXResourcesBuildPhase;
			buildActionMask = 2147483647;
			files = (
			);
			runOnlyForDeploymentPostprocessing = 0;
		};
/* End PBXResourcesBuildPhase section */

/* Begin PBXSourcesBuildPhase section */
		411E116D1C328C670076FC12 /* Sources */ = {
			isa = PBXSourcesBuildPhase;
			buildActionMask = 2147483647;
			files = (
				411E117D1C328C670076FC12 /* ViewController.m in Sources */,
				411E117A1C328C670076FC12 /* AppDelegate.m in Sources */,
				411E11771C328C670076FC12 /* main.m in Sources */,
			);
			runOnlyForDeploymentPostprocessing = 0;
		};
		411E11861C328C680076FC12 /* Sources */ = {
			isa = PBXSourcesBuildPhase;
			buildActionMask = 2147483647;
			files = (
				411E11911C328C680076FC12 /* ButtonClickTests.m in Sources */,
			);
			runOnlyForDeploymentPostprocessing = 0;
		};
/* End PBXSourcesBuildPhase section */

/* Begin PBXTargetDependency section */
		411E118C1C328C680076FC12 /* PBXTargetDependency */ = {
			isa = PBXTargetDependency;
			target = 411E11701C328C670076FC12 /* ButtonClick */;
			targetProxy = 411E118B1C328C680076FC12 /* PBXContainerItemProxy */;
		};
/* End PBXTargetDependency section */

/* Begin PBXVariantGroup section */
		411E117E1C328C670076FC12 /* Main.storyboard */ = {
			isa = PBXVariantGroup;
			children = (
				411E117F1C328C670076FC12 /* Base */,
			);
			name = Main.storyboard;
			sourceTree = "<group>";
		};
		411E11831C328C670076FC12 /* LaunchScreen.xib */ = {
			isa = PBXVariantGroup;
			children = (
				411E11841C328C670076FC12 /* Base */,
			);
			name = LaunchScreen.xib;
			sourceTree = "<group>";
		};
/* End PBXVariantGroup section */

/* Begin XCBuildConfiguration section */
		411E11921C328C680076FC12 /* Debug */ = {
			isa = XCBuildConfiguration;
			buildSettings = {
				ALWAYS_SEARCH_USER_PATHS = NO;
				CLANG_CXX_LANGUAGE_STANDARD = "gnu++0x";
				CLANG_CXX_LIBRARY = "libc++";
				CLANG_ENABLE_MODULES = YES;
				CLANG_ENABLE_OBJC_ARC = YES;
				CLANG_WARN_BOOL_CONVERSION = YES;
				CLANG_WARN_CONSTANT_CONVERSION = YES;
				CLANG_WARN_DIRECT_OBJC_ISA_USAGE = YES_ERROR;
				CLANG_WARN_EMPTY_BODY = YES;
				CLANG_WARN_ENUM_CONVERSION = YES;
				CLANG_WARN_INT_CONVERSION = YES;
				CLANG_WARN_OBJC_ROOT_CLASS = YES_ERROR;
				CLANG_WARN_UNREACHABLE_CODE = YES;
				CLANG_WARN__DUPLICATE_METHOD_MATCH = YES;
				"CODE_SIGN_IDENTITY[sdk=iphoneos*]" = "iPhone Developer";
				COPY_PHASE_STRIP = NO;
				ENABLE_STRICT_OBJC_MSGSEND = YES;
				GCC_C_LANGUAGE_STANDARD = gnu99;
				GCC_DYNAMIC_NO_PIC = NO;
				GCC_OPTIMIZATION_LEVEL = 0;
				GCC_PREPROCESSOR_DEFINITIONS = (
					"DEBUG=1",
					"$(inherited)",
				);
				GCC_SYMBOLS_PRIVATE_EXTERN = NO;
				GCC_WARN_64_TO_32_BIT_CONVERSION = YES;
				GCC_WARN_ABOUT_RETURN_TYPE = YES_ERROR;
				GCC_WARN_UNDECLARED_SELECTOR = YES;
				GCC_WARN_UNINITIALIZED_AUTOS = YES_AGGRESSIVE;
				GCC_WARN_UNUSED_FUNCTION = YES;
				GCC_WARN_UNUSED_VARIABLE = YES;
				IPHONEOS_DEPLOYMENT_TARGET = 8.0;
				MTL_ENABLE_DEBUG_INFO = YES;
				ONLY_ACTIVE_ARCH = YES;
				SDKROOT = iphoneos;
				TARGETED_DEVICE_FAMILY = "1,2";
			};
			name = Debug;
		};
		411E11931C328C680076FC12 /* Release */ = {
			isa = XCBuildConfiguration;
			buildSettings = {
				ALWAYS_SEARCH_USER_PATHS = NO;
				CLANG_CXX_LANGUAGE_STANDARD = "gnu++0x";
				CLANG_CXX_LIBRARY = "libc++";
				CLANG_ENABLE_MODULES = YES;
				CLANG_ENABLE_OBJC_ARC = YES;
				CLANG_WARN_BOOL_CONVERSION = YES;
				CLANG_WARN_CONSTANT_CONVERSION = YES;
				CLANG_WARN_DIRECT_OBJC_ISA_USAGE = YES_ERROR;
				CLANG_WARN_EMPTY_BODY = YES;
				CLANG_WARN_ENUM_CONVERSION = YES;
				CLANG_WARN_INT_CONVERSION = YES;
				CLANG_WARN_OBJC_ROOT_CLASS = YES_ERROR;
				CLANG_WARN_UNREACHABLE_CODE = YES;
				CLANG_WARN__DUPLICATE_METHOD_MATCH = YES;
				"CODE_SIGN_IDENTITY[sdk=iphoneos*]" = "iPhone Developer";
				COPY_PHASE_STRIP = YES;
				ENABLE_NS_ASSERTIONS = NO;
				ENABLE_STRICT_OBJC_MSGSEND = YES;
				GCC_C_LANGUAGE_STANDARD = gnu99;
				GCC_WARN_64_TO_32_BIT_CONVERSION = YES;
				GCC_WARN_ABOUT_RETURN_TYPE = YES_ERROR;
				GCC_WARN_UNDECLARED_SELECTOR = YES;
				GCC_WARN_UNINITIALIZED_AUTOS = YES_AGGRESSIVE;
				GCC_WARN_UNUSED_FUNCTION = YES;
				GCC_WARN_UNUSED_VARIABLE = YES;
				IPHONEOS_DEPLOYMENT_TARGET = 8.0;
				MTL_ENABLE_DEBUG_INFO = NO;
				SDKROOT = iphoneos;
				TARGETED_DEVICE_FAMILY = "1,2";
				VALIDATE_PRODUCT = YES;
			};
			name = Release;
		};
		411E11951C328C680076FC12 /* Debug */ = {
			isa = XCBuildConfiguration;
			buildSettings = {
				ASSETCATALOG_COMPILER_APPICON_NAME = AppIcon;
				INFOPLIST_FILE = ButtonClick/Info.plist;
				LD_RUNPATH_SEARCH_PATHS = "$(inherited) @executable_path/Frameworks";
				PRODUCT_NAME = "$(TARGET_NAME)";
			};
			name = Debug;
		};
		411E11961C328C680076FC12 /* Release */ = {
			isa = XCBuildConfiguration;
			buildSettings = {
				ASSETCATALOG_COMPILER_APPICON_NAME = AppIcon;
				INFOPLIST_FILE = ButtonClick/Info.plist;
				LD_RUNPATH_SEARCH_PATHS = "$(inherited) @executable_path/Frameworks";
				PRODUCT_NAME = "$(TARGET_NAME)";
			};
			name = Release;
		};
		411E11981C328C680076FC12 /* Debug */ = {
			isa = XCBuildConfiguration;
			buildSettings = {
				BUNDLE_LOADER = "$(TEST_HOST)";
				FRAMEWORK_SEARCH_PATHS = (
					"$(SDKROOT)/Developer/Library/Frameworks",
					"$(inherited)",
				);
				GCC_PREPROCESSOR_DEFINITIONS = (
					"DEBUG=1",
					"$(inherited)",
				);
				INFOPLIST_FILE = ButtonClickTests/Info.plist;
				LD_RUNPATH_SEARCH_PATHS = "$(inherited) @executable_path/Frameworks @loader_path/Frameworks";
				PRODUCT_NAME = "$(TARGET_NAME)";
				TEST_HOST = "$(BUILT_PRODUCTS_DIR)/ButtonClick.app/ButtonClick";
			};
			name = Debug;
		};
		411E11991C328C680076FC12 /* Release */ = {
			isa = XCBuildConfiguration;
			buildSettings = {
				BUNDLE_LOADER = "$(TEST_HOST)";
				FRAMEWORK_SEARCH_PATHS = (
					"$(SDKROOT)/Developer/Library/Frameworks",
					"$(inherited)",
				);
				INFOPLIST_FILE = ButtonClickTests/Info.plist;
				LD_RUNPATH_SEARCH_PATHS = "$(inherited) @executable_path/Frameworks @loader_path/Frameworks";
				PRODUCT_NAME = "$(TARGET_NAME)";
				TEST_HOST = "$(BUILT_PRODUCTS_DIR)/ButtonClick.app/ButtonClick";
			};
			name = Release;
		};
/* End XCBuildConfiguration section */

/* Begin XCConfigurationList section */
		411E116C1C328C670076FC12 /* Build configuration list for PBXProject "ButtonClick" */ = {
			isa = XCConfigurationList;
			buildConfigurations = (
				411E11921C328C680076FC12 /* Debug */,
				411E11931C328C680076FC12 /* Release */,
			);
			defaultConfigurationIsVisible = 0;
			defaultConfigurationName = Release;
		};
		411E11941C328C680076FC12 /* Build configuration list for PBXNativeTarget "ButtonClick" */ = {
			isa = XCConfigurationList;
			buildConfigurations = (
				411E11951C328C680076FC12 /* Debug */,
				411E11961C328C680076FC12 /* Release */,
			);
			defaultConfigurationIsVisible = 0;
		};
		411E11971C328C680076FC12 /* Build configuration list for PBXNativeTarget "ButtonClickTests" */ = {
			isa = XCConfigurationList;
			buildConfigurations = (
				411E11981C328C680076FC12 /* Debug */,
				411E11991C328C680076FC12 /* Release */,
			);
			defaultConfigurationIsVisible = 0;
		};
/* End XCConfigurationList section */
	};
	rootObject = 411E11691C328C670076FC12 /* Project object */;
}
